// !$*UTF8*$!
{
	archiveVersion = 1;
	classes = {
	};
	objectVersion = 56;
	objects = {

/* Begin PBXBuildFile section */
		DD57F18B295B578900C97335 /* AppDelegate.swift in Sources */ = {isa = PBXBuildFile; fileRef = DD57F18A295B578900C97335 /* AppDelegate.swift */; };
		DD57F18D295B578900C97335 /* SceneDelegate.swift in Sources */ = {isa = PBXBuildFile; fileRef = DD57F18C295B578900C97335 /* SceneDelegate.swift */; };
		DD57F18F295B578900C97335 /* ViewController.swift in Sources */ = {isa = PBXBuildFile; fileRef = DD57F18E295B578900C97335 /* ViewController.swift */; };
		DD57F192295B578900C97335 /* Main.storyboard in Resources */ = {isa = PBXBuildFile; fileRef = DD57F190295B578900C97335 /* Main.storyboard */; };
		DD57F194295B578A00C97335 /* Assets.xcassets in Resources */ = {isa = PBXBuildFile; fileRef = DD57F193295B578A00C97335 /* Assets.xcassets */; };
		DD57F197295B578A00C97335 /* LaunchScreen.storyboard in Resources */ = {isa = PBXBuildFile; fileRef = DD57F195295B578A00C97335 /* LaunchScreen.storyboard */; };
		DD57F1A2295B578A00C97335 /* numberpredictiongameTests.swift in Sources */ = {isa = PBXBuildFile; fileRef = DD57F1A1295B578A00C97335 /* numberpredictiongameTests.swift */; };
		DD57F1AC295B578A00C97335 /* numberpredictiongameUITests.swift in Sources */ = {isa = PBXBuildFile; fileRef = DD57F1AB295B578A00C97335 /* numberpredictiongameUITests.swift */; };
		DD57F1AE295B578A00C97335 /* numberpredictiongameUITestsLaunchTests.swift in Sources */ = {isa = PBXBuildFile; fileRef = DD57F1AD295B578A00C97335 /* numberpredictiongameUITestsLaunchTests.swift */; };
/* End PBXBuildFile section */

/* Begin PBXContainerItemProxy section */
		DD57F19E295B578A00C97335 /* PBXContainerItemProxy */ = {
			isa = PBXContainerItemProxy;
			containerPortal = DD57F17F295B578900C97335 /* Project object */;
			proxyType = 1;
			remoteGlobalIDString = DD57F186295B578900C97335;
			remoteInfo = numberpredictiongame;
		};
		DD57F1A8295B578A00C97335 /* PBXContainerItemProxy */ = {
			isa = PBXContainerItemProxy;
			containerPortal = DD57F17F295B578900C97335 /* Project object */;
			proxyType = 1;
			remoteGlobalIDString = DD57F186295B578900C97335;
			remoteInfo = numberpredictiongame;
		};
/* End PBXContainerItemProxy section */

/* Begin PBXFileReference section */
		DD57F187295B578900C97335 /* numberpredictiongame.app */ = {isa = PBXFileReference; explicitFileType = wrapper.application; includeInIndex = 0; path = numberpredictiongame.app; sourceTree = BUILT_PRODUCTS_DIR; };
		DD57F18A295B578900C97335 /* AppDelegate.swift */ = {isa = PBXFileReference; lastKnownFileType = sourcecode.swift; path = AppDelegate.swift; sourceTree = "<group>"; };
		DD57F18C295B578900C97335 /* SceneDelegate.swift */ = {isa = PBXFileReference; lastKnownFileType = sourcecode.swift; path = SceneDelegate.swift; sourceTree = "<group>"; };
		DD57F18E295B578900C97335 /* ViewController.swift */ = {isa = PBXFileReference; lastKnownFileType = sourcecode.swift; path = ViewController.swift; sourceTree = "<group>"; };
		DD57F191295B578900C97335 /* Base */ = {isa = PBXFileReference; lastKnownFileType = file.storyboard; name = Base; path = Base.lproj/Main.storyboard; sourceTree = "<group>"; };
		DD57F193295B578A00C97335 /* Assets.xcassets */ = {isa = PBXFileReference; lastKnownFileType = folder.assetcatalog; path = Assets.xcassets; sourceTree = "<group>"; };
		DD57F196295B578A00C97335 /* Base */ = {isa = PBXFileReference; lastKnownFileType = file.storyboard; name = Base; path = Base.lproj/LaunchScreen.storyboard; sourceTree = "<group>"; };
		DD57F198295B578A00C97335 /* Info.plist */ = {isa = PBXFileReference; lastKnownFileType = text.plist.xml; path = Info.plist; sourceTree = "<group>"; };
		DD57F19D295B578A00C97335 /* numberpredictiongameTests.xctest */ = {isa = PBXFileReference; explicitFileType = wrapper.cfbundle; includeInIndex = 0; path = numberpredictiongameTests.xctest; sourceTree = BUILT_PRODUCTS_DIR; };
		DD57F1A1295B578A00C97335 /* numberpredictiongameTests.swift */ = {isa = PBXFileReference; lastKnownFileType = sourcecode.swift; path = numberpredictiongameTests.swift; sourceTree = "<group>"; };
		DD57F1A7295B578A00C97335 /* numberpredictiongameUITests.xctest */ = {isa = PBXFileReference; explicitFileType = wrapper.cfbundle; includeInIndex = 0; path = numberpredictiongameUITests.xctest; sourceTree = BUILT_PRODUCTS_DIR; };
		DD57F1AB295B578A00C97335 /* numberpredictiongameUITests.swift */ = {isa = PBXFileReference; lastKnownFileType = sourcecode.swift; path = numberpredictiongameUITests.swift; sourceTree = "<group>"; };
		DD57F1AD295B578A00C97335 /* numberpredictiongameUITestsLaunchTests.swift */ = {isa = PBXFileReference; lastKnownFileType = sourcecode.swift; path = numberpredictiongameUITestsLaunchTests.swift; sourceTree = "<group>"; };
/* End PBXFileReference section */

/* Begin PBXFrameworksBuildPhase section */
		DD57F184295B578900C97335 /* Frameworks */ = {
			isa = PBXFrameworksBuildPhase;
			buildActionMask = 2147483647;
			files = (
			);
			runOnlyForDeploymentPostprocessing = 0;
		};
		DD57F19A295B578A00C97335 /* Frameworks */ = {
			isa = PBXFrameworksBuildPhase;
			buildActionMask = 2147483647;
			files = (
			);
			runOnlyForDeploymentPostprocessing = 0;
		};
		DD57F1A4295B578A00C97335 /* Frameworks */ = {
			isa = PBXFrameworksBuildPhase;
			buildActionMask = 2147483647;
			files = (
			);
			runOnlyForDeploymentPostprocessing = 0;
		};
/* End PBXFrameworksBuildPhase section */

/* Begin PBXGroup section */
		DD57F17E295B578900C97335 = {
			isa = PBXGroup;
			children = (
				DD57F189295B578900C97335 /* numberpredictiongame */,
				DD57F1A0295B578A00C97335 /* numberpredictiongameTests */,
				DD57F1AA295B578A00C97335 /* numberpredictiongameUITests */,
				DD57F188295B578900C97335 /* Products */,
			);
			sourceTree = "<group>";
		};
		DD57F188295B578900C97335 /* Products */ = {
			isa = PBXGroup;
			children = (
				DD57F187295B578900C97335 /* numberpredictiongame.app */,
				DD57F19D295B578A00C97335 /* numberpredictiongameTests.xctest */,
				DD57F1A7295B578A00C97335 /* numberpredictiongameUITests.xctest */,
			);
			name = Products;
			sourceTree = "<group>";
		};
		DD57F189295B578900C97335 /* numberpredictiongame */ = {
			isa = PBXGroup;
			children = (
				DD57F18A295B578900C97335 /* AppDelegate.swift */,
				DD57F18C295B578900C97335 /* SceneDelegate.swift */,
				DD57F18E295B578900C97335 /* ViewController.swift */,
				DD57F190295B578900C97335 /* Main.storyboard */,
				DD57F193295B578A00C97335 /* Assets.xcassets */,
				DD57F195295B578A00C97335 /* LaunchScreen.storyboard */,
				DD57F198295B578A00C97335 /* Info.plist */,
			);
			path = numberpredictiongame;
			sourceTree = "<group>";
		};
		DD57F1A0295B578A00C97335 /* numberpredictiongameTests */ = {
			isa = PBXGroup;
			children = (
				DD57F1A1295B578A00C97335 /* numberpredictiongameTests.swift */,
			);
			path = numberpredictiongameTests;
			sourceTree = "<group>";
		};
		DD57F1AA295B578A00C97335 /* numberpredictiongameUITests */ = {
			isa = PBXGroup;
			children = (
				DD57F1AB295B578A00C97335 /* numberpredictiongameUITests.swift */,
				DD57F1AD295B578A00C97335 /* numberpredictiongameUITestsLaunchTests.swift */,
			);
			path = numberpredictiongameUITests;
			sourceTree = "<group>";
		};
/* End PBXGroup section */

/* Begin PBXNativeTarget section */
		DD57F186295B578900C97335 /* numberpredictiongame */ = {
			isa = PBXNativeTarget;
			buildConfigurationList = DD57F1B1295B578A00C97335 /* Build configuration list for PBXNativeTarget "numberpredictiongame" */;
			buildPhases = (
				DD57F183295B578900C97335 /* Sources */,
				DD57F184295B578900C97335 /* Frameworks */,
				DD57F185295B578900C97335 /* Resources */,
			);
			buildRules = (
			);
			dependencies = (
			);
			name = numberpredictiongame;
			productName = numberpredictiongame;
			productReference = DD57F187295B578900C97335 /* numberpredictiongame.app */;
			productType = "com.apple.product-type.application";
		};
		DD57F19C295B578A00C97335 /* numberpredictiongameTests */ = {
			isa = PBXNativeTarget;
			buildConfigurationList = DD57F1B4295B578A00C97335 /* Build configuration list for PBXNativeTarget "numberpredictiongameTests" */;
			buildPhases = (
				DD57F199295B578A00C97335 /* Sources */,
				DD57F19A295B578A00C97335 /* Frameworks */,
				DD57F19B295B578A00C97335 /* Resources */,
			);
			buildRules = (
			);
			dependencies = (
				DD57F19F295B578A00C97335 /* PBXTargetDependency */,
			);
			name = numberpredictiongameTests;
			productName = numberpredictiongameTests;
			productReference = DD57F19D295B578A00C97335 /* numberpredictiongameTests.xctest */;
			productType = "com.apple.product-type.bundle.unit-test";
		};
		DD57F1A6295B578A00C97335 /* numberpredictiongameUITests */ = {
			isa = PBXNativeTarget;
			buildConfigurationList = DD57F1B7295B578A00C97335 /* Build configuration list for PBXNativeTarget "numberpredictiongameUITests" */;
			buildPhases = (
				DD57F1A3295B578A00C97335 /* Sources */,
				DD57F1A4295B578A00C97335 /* Frameworks */,
				DD57F1A5295B578A00C97335 /* Resources */,
			);
			buildRules = (
			);
			dependencies = (
				DD57F1A9295B578A00C97335 /* PBXTargetDependency */,
			);
			name = numberpredictiongameUITests;
			productName = numberpredictiongameUITests;
			productReference = DD57F1A7295B578A00C97335 /* numberpredictiongameUITests.xctest */;
			productType = "com.apple.product-type.bundle.ui-testing";
		};
/* End PBXNativeTarget section */

/* Begin PBXProject section */
		DD57F17F295B578900C97335 /* Project object */ = {
			isa = PBXProject;
			attributes = {
				BuildIndependentTargetsInParallel = 1;
				LastSwiftUpdateCheck = 1420;
				LastUpgradeCheck = 1420;
				TargetAttributes = {
					DD57F186295B578900C97335 = {
						CreatedOnToolsVersion = 14.2;
					};
					DD57F19C295B578A00C97335 = {
						CreatedOnToolsVersion = 14.2;
						TestTargetID = DD57F186295B578900C97335;
					};
					DD57F1A6295B578A00C97335 = {
						CreatedOnToolsVersion = 14.2;
						TestTargetID = DD57F186295B578900C97335;
					};
				};
			};
			buildConfigurationList = DD57F182295B578900C97335 /* Build configuration list for PBXProject "numberpredictiongame" */;
			compatibilityVersion = "Xcode 14.0";
			developmentRegion = en;
			hasScannedForEncodings = 0;
			knownRegions = (
				en,
				Base,
			);
			mainGroup = DD57F17E295B578900C97335;
			productRefGroup = DD57F188295B578900C97335 /* Products */;
			projectDirPath = "";
			projectRoot = "";
			targets = (
				DD57F186295B578900C97335 /* numberpredictiongame */,
				DD57F19C295B578A00C97335 /* numberpredictiongameTests */,
				DD57F1A6295B578A00C97335 /* numberpredictiongameUITests */,
			);
		};
/* End PBXProject section */

/* Begin PBXResourcesBuildPhase section */
		DD57F185295B578900C97335 /* Resources */ = {
			isa = PBXResourcesBuildPhase;
			buildActionMask = 2147483647;
			files = (
				DD57F197295B578A00C97335 /* LaunchScreen.storyboard in Resources */,
				DD57F194295B578A00C97335 /* Assets.xcassets in Resources */,
				DD57F192295B578900C97335 /* Main.storyboard in Resources */,
			);
			runOnlyForDeploymentPostprocessing = 0;
		};
		DD57F19B295B578A00C97335 /* Resources */ = {
			isa = PBXResourcesBuildPhase;
			buildActionMask = 2147483647;
			files = (
			);
			runOnlyForDeploymentPostprocessing = 0;
		};
		DD57F1A5295B578A00C97335 /* Resources */ = {
			isa = PBXResourcesBuildPhase;
			buildActionMask = 2147483647;
			files = (
			);
			runOnlyForDeploymentPostprocessing = 0;
		};
/* End PBXResourcesBuildPhase section */

/* Begin PBXSourcesBuildPhase section */
		DD57F183295B578900C97335 /* Sources */ = {
			isa = PBXSourcesBuildPhase;
			buildActionMask = 2147483647;
			files = (
				DD57F18F295B578900C97335 /* ViewController.swift in Sources */,
				DD57F18B295B578900C97335 /* AppDelegate.swift in Sources */,
				DD57F18D295B578900C97335 /* SceneDelegate.swift in Sources */,
			);
			runOnlyForDeploymentPostprocessing = 0;
		};
		DD57F199295B578A00C97335 /* Sources */ = {
			isa = PBXSourcesBuildPhase;
			buildActionMask = 2147483647;
			files = (
				DD57F1A2295B578A00C97335 /* numberpredictiongameTests.swift in Sources */,
			);
			runOnlyForDeploymentPostprocessing = 0;
		};
		DD57F1A3295B578A00C97335 /* Sources */ = {
			isa = PBXSourcesBuildPhase;
			buildActionMask = 2147483647;
			files = (
				DD57F1AE295B578A00C97335 /* numberpredictiongameUITestsLaunchTests.swift in Sources */,
				DD57F1AC295B578A00C97335 /* numberpredictiongameUITests.swift in Sources */,
			);
			runOnlyForDeploymentPostprocessing = 0;
		};
/* End PBXSourcesBuildPhase section */

/* Begin PBXTargetDependency section */
		DD57F19F295B578A00C97335 /* PBXTargetDependency */ = {
			isa = PBXTargetDependency;
			target = DD57F186295B578900C97335 /* numberpredictiongame */;
			targetProxy = DD57F19E295B578A00C97335 /* PBXContainerItemProxy */;
		};
		DD57F1A9295B578A00C97335 /* PBXTargetDependency */ = {
			isa = PBXTargetDependency;
			target = DD57F186295B578900C97335 /* numberpredictiongame */;
			targetProxy = DD57F1A8295B578A00C97335 /* PBXContainerItemProxy */;
		};
/* End PBXTargetDependency section */

/* Begin PBXVariantGroup section */
		DD57F190295B578900C97335 /* Main.storyboard */ = {
			isa = PBXVariantGroup;
			children = (
				DD57F191295B578900C97335 /* Base */,
			);
			name = Main.storyboard;
			sourceTree = "<group>";
		};
		DD57F195295B578A00C97335 /* LaunchScreen.storyboard */ = {
			isa = PBXVariantGroup;
			children = (
				DD57F196295B578A00C97335 /* Base */,
			);
			name = LaunchScreen.storyboard;
			sourceTree = "<group>";
		};
/* End PBXVariantGroup section */

/* Begin XCBuildConfiguration section */
		DD57F1AF295B578A00C97335 /* Debug */ = {
			isa = XCBuildConfiguration;
			buildSettings = {
				ALWAYS_SEARCH_USER_PATHS = NO;
				CLANG_ANALYZER_NONNULL = YES;
				CLANG_ANALYZER_NUMBER_OBJECT_CONVERSION = YES_AGGRESSIVE;
				CLANG_CXX_LANGUAGE_STANDARD = "gnu++20";
				CLANG_ENABLE_MODULES = YES;
				CLANG_ENABLE_OBJC_ARC = YES;
				CLANG_ENABLE_OBJC_WEAK = YES;
				CLANG_WARN_BLOCK_CAPTURE_AUTORELEASING = YES;
				CLANG_WARN_BOOL_CONVERSION = YES;
				CLANG_WARN_COMMA = YES;
				CLANG_WARN_CONSTANT_CONVERSION = YES;
				CLANG_WARN_DEPRECATED_OBJC_IMPLEMENTATIONS = YES;
				CLANG_WARN_DIRECT_OBJC_ISA_USAGE = YES_ERROR;
				CLANG_WARN_DOCUMENTATION_COMMENTS = YES;
				CLANG_WARN_EMPTY_BODY = YES;
				CLANG_WARN_ENUM_CONVERSION = YES;
				CLANG_WARN_INFINITE_RECURSION = YES;
				CLANG_WARN_INT_CONVERSION = YES;
				CLANG_WARN_NON_LITERAL_NULL_CONVERSION = YES;
				CLANG_WARN_OBJC_IMPLICIT_RETAIN_SELF = YES;
				CLANG_WARN_OBJC_LITERAL_CONVERSION = YES;
				CLANG_WARN_OBJC_ROOT_CLASS = YES_ERROR;
				CLANG_WARN_QUOTED_INCLUDE_IN_FRAMEWORK_HEADER = YES;
				CLANG_WARN_RANGE_LOOP_ANALYSIS = YES;
				CLANG_WARN_STRICT_PROTOTYPES = YES;
				CLANG_WARN_SUSPICIOUS_MOVE = YES;
				CLANG_WARN_UNGUARDED_AVAILABILITY = YES_AGGRESSIVE;
				CLANG_WARN_UNREACHABLE_CODE = YES;
				CLANG_WARN__DUPLICATE_METHOD_MATCH = YES;
				COPY_PHASE_STRIP = NO;
				DEBUG_INFORMATION_FORMAT = dwarf;
				ENABLE_STRICT_OBJC_MSGSEND = YES;
				ENABLE_TESTABILITY = YES;
				GCC_C_LANGUAGE_STANDARD = gnu11;
				GCC_DYNAMIC_NO_PIC = NO;
				GCC_NO_COMMON_BLOCKS = YES;
				GCC_OPTIMIZATION_LEVEL = 0;
				GCC_PREPROCESSOR_DEFINITIONS = (
					"DEBUG=1",
					"$(inherited)",
				);
				GCC_WARN_64_TO_32_BIT_CONVERSION = YES;
				GCC_WARN_ABOUT_RETURN_TYPE = YES_ERROR;
				GCC_WARN_UNDECLARED_SELECTOR = YES;
				GCC_WARN_UNINITIALIZED_AUTOS = YES_AGGRESSIVE;
				GCC_WARN_UNUSED_FUNCTION = YES;
				GCC_WARN_UNUSED_VARIABLE = YES;
				IPHONEOS_DEPLOYMENT_TARGET = 16.2;
				MTL_ENABLE_DEBUG_INFO = INCLUDE_SOURCE;
				MTL_FAST_MATH = YES;
				ONLY_ACTIVE_ARCH = YES;
				SDKROOT = iphoneos;
				SWIFT_ACTIVE_COMPILATION_CONDITIONS = DEBUG;
				SWIFT_OPTIMIZATION_LEVEL = "-Onone";
			};
			name = Debug;
		};
		DD57F1B0295B578A00C97335 /* Release */ = {
			isa = XCBuildConfiguration;
			buildSettings = {
				ALWAYS_SEARCH_USER_PATHS = NO;
				CLANG_ANALYZER_NONNULL = YES;
				CLANG_ANALYZER_NUMBER_OBJECT_CONVERSION = YES_AGGRESSIVE;
				CLANG_CXX_LANGUAGE_STANDARD = "gnu++20";
				CLANG_ENABLE_MODULES = YES;
				CLANG_ENABLE_OBJC_ARC = YES;
				CLANG_ENABLE_OBJC_WEAK = YES;
				CLANG_WARN_BLOCK_CAPTURE_AUTORELEASING = YES;
				CLANG_WARN_BOOL_CONVERSION = YES;
				CLANG_WARN_COMMA = YES;
				CLANG_WARN_CONSTANT_CONVERSION = YES;
				CLANG_WARN_DEPRECATED_OBJC_IMPLEMENTATIONS = YES;
				CLANG_WARN_DIRECT_OBJC_ISA_USAGE = YES_ERROR;
				CLANG_WARN_DOCUMENTATION_COMMENTS = YES;
				CLANG_WARN_EMPTY_BODY = YES;
				CLANG_WARN_ENUM_CONVERSION = YES;
				CLANG_WARN_INFINITE_RECURSION = YES;
				CLANG_WARN_INT_CONVERSION = YES;
				CLANG_WARN_NON_LITERAL_NULL_CONVERSION = YES;
				CLANG_WARN_OBJC_IMPLICIT_RETAIN_SELF = YES;
				CLANG_WARN_OBJC_LITERAL_CONVERSION = YES;
				CLANG_WARN_OBJC_ROOT_CLASS = YES_ERROR;
				CLANG_WARN_QUOTED_INCLUDE_IN_FRAMEWORK_HEADER = YES;
				CLANG_WARN_RANGE_LOOP_ANALYSIS = YES;
				CLANG_WARN_STRICT_PROTOTYPES = YES;
				CLANG_WARN_SUSPICIOUS_MOVE = YES;
				CLANG_WARN_UNGUARDED_AVAILABILITY = YES_AGGRESSIVE;
				CLANG_WARN_UNREACHABLE_CODE = YES;
				CLANG_WARN__DUPLICATE_METHOD_MATCH = YES;
				COPY_PHASE_STRIP = NO;
				DEBUG_INFORMATION_FORMAT = "dwarf-with-dsym";
				ENABLE_NS_ASSERTIONS = NO;
				ENABLE_STRICT_OBJC_MSGSEND = YES;
				GCC_C_LANGUAGE_STANDARD = gnu11;
				GCC_NO_COMMON_BLOCKS = YES;
				GCC_WARN_64_TO_32_BIT_CONVERSION = YES;
				GCC_WARN_ABOUT_RETURN_TYPE = YES_ERROR;
				GCC_WARN_UNDECLARED_SELECTOR = YES;
				GCC_WARN_UNINITIALIZED_AUTOS = YES_AGGRESSIVE;
				GCC_WARN_UNUSED_FUNCTION = YES;
				GCC_WARN_UNUSED_VARIABLE = YES;
				IPHONEOS_DEPLOYMENT_TARGET = 16.2;
				MTL_ENABLE_DEBUG_INFO = NO;
				MTL_FAST_MATH = YES;
				SDKROOT = iphoneos;
				SWIFT_COMPILATION_MODE = wholemodule;
				SWIFT_OPTIMIZATION_LEVEL = "-O";
				VALIDATE_PRODUCT = YES;
			};
			name = Release;
		};
		DD57F1B2295B578A00C97335 /* Debug */ = {
			isa = XCBuildConfiguration;
			buildSettings = {
				ASSETCATALOG_COMPILER_APPICON_NAME = AppIcon;
				ASSETCATALOG_COMPILER_GLOBAL_ACCENT_COLOR_NAME = AccentColor;
				CODE_SIGN_STYLE = Automatic;
				CURRENT_PROJECT_VERSION = 1;
				GENERATE_INFOPLIST_FILE = YES;
				INFOPLIST_FILE = numberpredictiongame/Info.plist;
				INFOPLIST_KEY_UIApplicationSupportsIndirectInputEvents = YES;
				INFOPLIST_KEY_UILaunchStoryboardName = LaunchScreen;
				INFOPLIST_KEY_UIMainStoryboardFile = Main;
				INFOPLIST_KEY_UISupportedInterfaceOrientations_iPad = "UIInterfaceOrientationPortrait UIInterfaceOrientationPortraitUpsideDown UIInterfaceOrientationLandscapeLeft UIInterfaceOrientationLandscapeRight";
				INFOPLIST_KEY_UISupportedInterfaceOrientations_iPhone = "UIInterfaceOrientationPortrait UIInterfaceOrientationLandscapeLeft UIInterfaceOrientationLandscapeRight";
				LD_RUNPATH_SEARCH_PATHS = (
					"$(inherited)",
					"@executable_path/Frameworks",
				);
				MARKETING_VERSION = 1.0;
				PRODUCT_BUNDLE_IDENTIFIER = dene.numberpredictiongame;
				PRODUCT_NAME = "$(TARGET_NAME)";
				SWIFT_EMIT_LOC_STRINGS = YES;
				SWIFT_VERSION = 5.0;
				TARGETED_DEVICE_FAMILY = "1,2";
			};
			name = Debug;
		};
		DD57F1B3295B578A00C97335 /* Release */ = {
			isa = XCBuildConfiguration;
			buildSettings = {
				ASSETCATALOG_COMPILER_APPICON_NAME = AppIcon;
				ASSETCATALOG_COMPILER_GLOBAL_ACCENT_COLOR_NAME = AccentColor;
				CODE_SIGN_STYLE = Automatic;
				CURRENT_PROJECT_VERSION = 1;
				GENERATE_INFOPLIST_FILE = YES;
				INFOPLIST_FILE = numberpredictiongame/Info.plist;
				INFOPLIST_KEY_UIApplicationSupportsIndirectInputEvents = YES;
				INFOPLIST_KEY_UILaunchStoryboardName = LaunchScreen;
				INFOPLIST_KEY_UIMainStoryboardFile = Main;
				INFOPLIST_KEY_UISupportedInterfaceOrientations_iPad = "UIInterfaceOrientationPortrait UIInterfaceOrientationPortraitUpsideDown UIInterfaceOrientationLandscapeLeft UIInterfaceOrientationLandscapeRight";
				INFOPLIST_KEY_UISupportedInterfaceOrientations_iPhone = "UIInterfaceOrientationPortrait UIInterfaceOrientationLandscapeLeft UIInterfaceOrientationLandscapeRight";
				LD_RUNPATH_SEARCH_PATHS = (
					"$(inherited)",
					"@executable_path/Frameworks",
				);
				MARKETING_VERSION = 1.0;
				PRODUCT_BUNDLE_IDENTIFIER = dene.numberpredictiongame;
				PRODUCT_NAME = "$(TARGET_NAME)";
				SWIFT_EMIT_LOC_STRINGS = YES;
				SWIFT_VERSION = 5.0;
				TARGETED_DEVICE_FAMILY = "1,2";
			};
			name = Release;
		};
		DD57F1B5295B578A00C97335 /* Debug */ = {
			isa = XCBuildConfiguration;
			buildSettings = {
				ALWAYS_EMBED_SWIFT_STANDARD_LIBRARIES = YES;
				BUNDLE_LOADER = "$(TEST_HOST)";
				CODE_SIGN_STYLE = Automatic;
				CURRENT_PROJECT_VERSION = 1;
				GENERATE_INFOPLIST_FILE = YES;
				IPHONEOS_DEPLOYMENT_TARGET = 16.2;
				MARKETING_VERSION = 1.0;
				PRODUCT_BUNDLE_IDENTIFIER = dene.numberpredictiongameTests;
				PRODUCT_NAME = "$(TARGET_NAME)";
				SWIFT_EMIT_LOC_STRINGS = NO;
				SWIFT_VERSION = 5.0;
				TARGETED_DEVICE_FAMILY = "1,2";
				TEST_HOST = "$(BUILT_PRODUCTS_DIR)/numberpredictiongame.app/$(BUNDLE_EXECUTABLE_FOLDER_PATH)/numberpredictiongame";
			};
			name = Debug;
		};
		DD57F1B6295B578A00C97335 /* Release */ = {
			isa = XCBuildConfiguration;
			buildSettings = {
				ALWAYS_EMBED_SWIFT_STANDARD_LIBRARIES = YES;
				BUNDLE_LOADER = "$(TEST_HOST)";
				CODE_SIGN_STYLE = Automatic;
				CURRENT_PROJECT_VERSION = 1;
				GENERATE_INFOPLIST_FILE = YES;
				IPHONEOS_DEPLOYMENT_TARGET = 16.2;
				MARKETING_VERSION = 1.0;
				PRODUCT_BUNDLE_IDENTIFIER = dene.numberpredictiongameTests;
				PRODUCT_NAME = "$(TARGET_NAME)";
				SWIFT_EMIT_LOC_STRINGS = NO;
				SWIFT_VERSION = 5.0;
				TARGETED_DEVICE_FAMILY = "1,2";
				TEST_HOST = "$(BUILT_PRODUCTS_DIR)/numberpredictiongame.app/$(BUNDLE_EXECUTABLE_FOLDER_PATH)/numberpredictiongame";
			};
			name = Release;
		};
		DD57F1B8295B578A00C97335 /* Debug */ = {
			isa = XCBuildConfiguration;
			buildSettings = {
				ALWAYS_EMBED_SWIFT_STANDARD_LIBRARIES = YES;
				CODE_SIGN_STYLE = Automatic;
				CURRENT_PROJECT_VERSION = 1;
				GENERATE_INFOPLIST_FILE = YES;
				MARKETING_VERSION = 1.0;
				PRODUCT_BUNDLE_IDENTIFIER = dene.numberpredictiongameUITests;
				PRODUCT_NAME = "$(TARGET_NAME)";
				SWIFT_EMIT_LOC_STRINGS = NO;
				SWIFT_VERSION = 5.0;
				TARGETED_DEVICE_FAMILY = "1,2";
				TEST_TARGET_NAME = numberpredictiongame;
			};
			name = Debug;
		};
		DD57F1B9295B578A00C97335 /* Release */ = {
			isa = XCBuildConfiguration;
			buildSettings = {
				ALWAYS_EMBED_SWIFT_STANDARD_LIBRARIES = YES;
				CODE_SIGN_STYLE = Automatic;
				CURRENT_PROJECT_VERSION = 1;
				GENERATE_INFOPLIST_FILE = YES;
				MARKETING_VERSION = 1.0;
				PRODUCT_BUNDLE_IDENTIFIER = dene.numberpredictiongameUITests;
				PRODUCT_NAME = "$(TARGET_NAME)";
				SWIFT_EMIT_LOC_STRINGS = NO;
				SWIFT_VERSION = 5.0;
				TARGETED_DEVICE_FAMILY = "1,2";
				TEST_TARGET_NAME = numberpredictiongame;
			};
			name = Release;
		};
/* End XCBuildConfiguration section */

/* Begin XCConfigurationList section */
		DD57F182295B578900C97335 /* Build configuration list for PBXProject "numberpredictiongame" */ = {
			isa = XCConfigurationList;
			buildConfigurations = (
				DD57F1AF295B578A00C97335 /* Debug */,
				DD57F1B0295B578A00C97335 /* Release */,
			);
			defaultConfigurationIsVisible = 0;
			defaultConfigurationName = Release;
		};
		DD57F1B1295B578A00C97335 /* Build configuration list for PBXNativeTarget "numberpredictiongame" */ = {
			isa = XCConfigurationList;
			buildConfigurations = (
				DD57F1B2295B578A00C97335 /* Debug */,
				DD57F1B3295B578A00C97335 /* Release */,
			);
			defaultConfigurationIsVisible = 0;
			defaultConfigurationName = Release;
		};
		DD57F1B4295B578A00C97335 /* Build configuration list for PBXNativeTarget "numberpredictiongameTests" */ = {
			isa = XCConfigurationList;
			buildConfigurations = (
				DD57F1B5295B578A00C97335 /* Debug */,
				DD57F1B6295B578A00C97335 /* Release */,
			);
			defaultConfigurationIsVisible = 0;
			defaultConfigurationName = Release;
		};
		DD57F1B7295B578A00C97335 /* Build configuration list for PBXNativeTarget "numberpredictiongameUITests" */ = {
			isa = XCConfigurationList;
			buildConfigurations = (
				DD57F1B8295B578A00C97335 /* Debug */,
				DD57F1B9295B578A00C97335 /* Release */,
			);
			defaultConfigurationIsVisible = 0;
			defaultConfigurationName = Release;
		};
/* End XCConfigurationList section */
	};
	rootObject = DD57F17F295B578900C97335 /* Project object */;
}
